hash: 3d5497a8bbcd1b52c5b0c28cf24e6009c69ad75a4c61487f8693db0467f61f05
updated: 2017-06-02T10:05:49.035196915-06:00
imports:
- name: github.com/cpucycle/astrotime
  version: 9c7d514efdb561775030eaf8f1a9ae6bddb3a2ca
- name: github.com/fsnotify/fsnotify
  version: 4da3e2cfbabc9f751898f250b49f2439785783a1
- name: github.com/hashicorp/go.net
  version: 104dcad90073cd8d1e6828b2af19185b60cf3e29
  subpackages:
  - internal/iana
  - ipv4
  - ipv6
- name: github.com/hashicorp/hcl
  version: 392dba7d905ed5d04a5794ba89f558b27e2ba1ca
  subpackages:
  - hcl/ast
  - hcl/parser
  - hcl/scanner
  - hcl/strconv
  - hcl/token
  - json/parser
  - json/scanner
  - json/token
- name: github.com/hashicorp/mdns
  version: 4e527d9d808175f132f949523e640c699e4253bb
- name: github.com/inconshreveable/mousetrap
  version: 76626ae9c91c4f2a10f34cad8ce83ea42c93bb75
- name: github.com/magiconair/properties
  version: 51463bfca2576e06c62a8504b5c0f06d61312647
- name: github.com/miekg/dns
  version: fb6fbed0f5ec4e418de4f156c18d2e4f9bc854e7
- name: github.com/mitchellh/go-homedir
  version: b8bc1bf767474819792c23f32d8286a45736f1c6
- name: github.com/mitchellh/mapstructure
  version: d0303fe809921458f417bcf828397a65db30a7e4
- name: github.com/pelletier/go-buffruneio
  version: c37440a7cf42ac63b919c752ca73a85067e05992
- name: github.com/pelletier/go-toml
  version: fe7536c3dee2596cdd23ee9976a17c22bdaae286
- name: github.com/spf13/afero
  version: 9be650865eab0c12963d8753212f4f9c66cdcf12
  subpackages:
  - mem
- name: github.com/spf13/cast
  version: acbeb36b902d72a7a4c18e8f3241075e7ab763e4
- name: github.com/spf13/cobra
  version: 8d4ce3549a0bf0e3569df3aae7423b7743cd05a9
- name: github.com/spf13/jwalterweatherman
  version: 0efa5202c04663c757d84f90f5219c1250baf94f
- name: github.com/spf13/pflag
  version: e57e3eeb33f795204c1ca35f56c44f83227c6e66
- name: github.com/spf13/viper
  version: 0967fc9aceab2ce9da34061253ac10fb99bba5b2
- name: golang.org/x/net
  version: f315505cf3349909cdf013ea56690da34e96a451
  subpackages:
  - publicsuffix
- name: golang.org/x/sys
  version: 30de6d19a3bd89a5f38ae4028e23aaa5582648af
  subpackages:
  - unix
- name: golang.org/x/text
  version: 4ee4af566555f5fbe026368b75596286a312663a
  subpackages:
  - transform
  - unicode/norm
- name: gopkg.in/resty.v0
  version: 7a8134d8718193eb857994adee49d73a302e7718
- name: gopkg.in/yaml.v2
  version: cd8b52f8269e0feb286dfeef29f8fe4d5b397e0b
testImports: []
